
Microsoft Visual Studio Solution File, Format Version 12.00
# Visual Studio Version 16
VisualStudioVersion = 16.0.31105.61
MinimumVisualStudioVersion = 10.0.40219.1
Project("{8BC9CEB8-8B4A-11D0-8D11-00A0C91BC942}") = "iBuddyHelper", "iBuddyHelper.vcxproj", "{A45A5854-80E2-436E-A674-43562EC1D212}"
	ProjectSection(ProjectDependencies) = postProject
		{ECEAB68D-2F15-495F-A29C-5EA9548AA23D} = {ECEAB68D-2F15-495F-A29C-5EA9548AA23D}
	EndProjectSection
EndProject
Project("{8BC9CEB8-8B4A-11D0-8D11-00A0C91BC942}") = "BeefySysLib_static", "..\..\..\Beef\BeefySysLib\BeefySysLib_static.vcxproj", "{ECEAB68D-2F15-495F-A29C-5EA9548AA23D}"
EndProject
Global
	GlobalSection(SolutionConfigurationPlatforms) = preSolution
		Debug|x64 = Debug|x64
		Debug|x86 = Debug|x86
		Release|x64 = Release|x64
		Release|x86 = Release|x86
	EndGlobalSection
	GlobalSection(ProjectConfigurationPlatforms) = postSolution
		{A45A5854-80E2-436E-A674-43562EC1D212}.Debug|x64.ActiveCfg = Debug|x64
		{A45A5854-80E2-436E-A674-43562EC1D212}.Debug|x64.Build.0 = Debug|x64
		{A45A5854-80E2-436E-A674-43562EC1D212}.Debug|x86.ActiveCfg = Debug|Win32
		{A45A5854-80E2-436E-A674-43562EC1D212}.Debug|x86.Build.0 = Debug|Win32
		{A45A5854-80E2-436E-A674-43562EC1D212}.Release|x64.ActiveCfg = Release|x64
		{A45A5854-80E2-436E-A674-43562EC1D212}.Release|x64.Build.0 = Release|x64
		{A45A5854-80E2-436E-A674-43562EC1D212}.Release|x86.ActiveCfg = Release|Win32
		{A45A5854-80E2-436E-A674-43562EC1D212}.Release|x86.Build.0 = Release|Win32
		{ECEAB68D-2F15-495F-A29C-5EA9548AA23D}.Debug|x64.ActiveCfg = Debug|x64
		{ECEAB68D-2F15-495F-A29C-5EA9548AA23D}.Debug|x64.Build.0 = Debug|x64
		{ECEAB68D-2F15-495F-A29C-5EA9548AA23D}.Debug|x86.ActiveCfg = Debug|Win32
		{ECEAB68D-2F15-495F-A29C-5EA9548AA23D}.Debug|x86.Build.0 = Debug|Win32
		{ECEAB68D-2F15-495F-A29C-5EA9548AA23D}.Release|x64.ActiveCfg = Release|x64
		{ECEAB68D-2F15-495F-A29C-5EA9548AA23D}.Release|x64.Build.0 = Release|x64
		{ECEAB68D-2F15-495F-A29C-5EA9548AA23D}.Release|x86.ActiveCfg = Release|Win32
		{ECEAB68D-2F15-495F-A29C-5EA9548AA23D}.Release|x86.Build.0 = Release|Win32
	EndGlobalSection
	GlobalSection(SolutionProperties) = preSolution
		HideSolutionNode = FALSE
	EndGlobalSection
	GlobalSection(ExtensibilityGlobals) = postSolution
		SolutionGuid = {081BDFCC-039E-4148-A339-2C9C1D8320DD}
	EndGlobalSection
EndGlobal
